{
  "originHash" : "6e907b7feaa1df2cd94b2b0d9460cc982783d559c087a8b1557d379a13a23753",
  "pins" : [
    {
      "identity" : "pathkit",
      "kind" : "remoteSourceControl",
      "location" : "https://github.com/kylef/PathKit.git",
      "state" : {
        "revision" : "3bfd2737b700b9a36565a8c94f4ad2b050a5e574",
        "version" : "1.0.1"
      }
    },
    {
      "identity" : "spectre",
      "kind" : "remoteSourceControl",
      "location" : "https://github.com/kylef/Spectre.git",
      "state" : {
        "revision" : "26cc5e9ae0947092c7139ef7ba612e34646086c7",
        "version" : "0.10.1"
      }
    },
    {
      "identity" : "stencil",
      "kind" : "remoteSourceControl",
      "location" : "https://github.com/stencilproject/Stencil.git",
      "state" : {
        "revision" : "4f222ac85d673f35df29962fc4c36ccfdaf9da5b",
        "version" : "0.15.1"
      }
    },
    {
      "identity" : "swift-argument-parser",
      "kind" : "remoteSourceControl",
      "location" : "https://github.com/apple/swift-argument-parser",
      "state" : {
        "revision" : "626b5b7b2f45e1b0b1c6f4a309296d1d21d7311b",
        "version" : "1.7.1"
      }
    }
  ],
  "version" : 3
}
